
Microsoft Visual Studio Solution File, Format Version 12.00
Project("{2150E333-8FDC-42A3-9474-1A3956D46DE8}") = "Singleton", "Singleton", "{FE60363A-A43E-4273-AC38-39A7E89F2F26}"
EndProject
Project("{FAE04EC0-301F-11D3-BF4B-00C04F79EFBC}") = "Conceptual", "Singleton\Conceptual\Conceptual.csproj", "{7D16BA92-BC0B-461C-9CB4-F1DA25EDF17E}"
EndProject
Project("{2150E333-8FDC-42A3-9474-1A3956D46DE8}") = "FactoryMethod", "FactoryMethod", "{6C36E83C-702F-4FF0-80D1-F6E9797D2E74}"
EndProject
Project("{FAE04EC0-301F-11D3-BF4B-00C04F79EFBC}") = "Conceptual", "FactoryMethod\Conceptual\Conceptual.csproj", "{09BE6ACD-88E7-458F-82F8-293ADE1B3627}"
EndProject
Project("{2150E333-8FDC-42A3-9474-1A3956D46DE8}") = "AbstractFactory", "AbstractFactory", "{E6B9908A-B508-46F3-A03B-F9CBD2921194}"
EndProject
Project("{FAE04EC0-301F-11D3-BF4B-00C04F79EFBC}") = "Conceptual", "AbstractFactory\Conceptual\Conceptual.csproj", "{35DBB4F2-60E1-4051-A307-1AB82AECE0BD}"
EndProject
Project("{2150E333-8FDC-42A3-9474-1A3956D46DE8}") = "Builder", "Builder", "{AC3D9594-F205-4A61-9440-4E5CE14EE2CD}"
EndProject
Project("{FAE04EC0-301F-11D3-BF4B-00C04F79EFBC}") = "Conceptual", "Builder\Conceptual\Conceptual.csproj", "{AD141AC6-60B3-4E42-877B-AEDF96C56CB8}"
EndProject
Project("{2150E333-8FDC-42A3-9474-1A3956D46DE8}") = "Prototype", "Prototype", "{237A7B3D-4D58-43A6-9219-2C6AB0DB339D}"
EndProject
Project("{FAE04EC0-301F-11D3-BF4B-00C04F79EFBC}") = "Conceptual", "Prototype\Conceptual\Conceptual.csproj", "{000BB353-96A4-4E61-BC31-D9BCCA41716F}"
EndProject
Project("{2150E333-8FDC-42A3-9474-1A3956D46DE8}") = "Adapter", "Adapter", "{8E92EBBE-EE06-44D7-BE4C-E41928D49346}"
EndProject
Project("{FAE04EC0-301F-11D3-BF4B-00C04F79EFBC}") = "Conceptual", "Adapter\Conceptual\Conceptual.csproj", "{9CFFAED7-4A0C-46B5-881A-483E82A1D4DD}"
EndProject
Project("{FAE04EC0-301F-11D3-BF4B-00C04F79EFBC}") = "DataReader", "Adapter\DataReader\DataReader.csproj", "{7F95A052-6169-4CF3-864D-152B63E1ACD9}"
EndProject
Project("{FAE04EC0-301F-11D3-BF4B-00C04F79EFBC}") = "DrawShape", "Adapter\DrawShape\DrawShape.csproj", "{6BDA3812-190D-4B6C-85A2-AF80E8A17EF6}"
EndProject
Global
	GlobalSection(SolutionConfigurationPlatforms) = preSolution
		Debug|Any CPU = Debug|Any CPU
		Release|Any CPU = Release|Any CPU
	EndGlobalSection
	GlobalSection(ProjectConfigurationPlatforms) = postSolution
		{7D16BA92-BC0B-461C-9CB4-F1DA25EDF17E}.Debug|Any CPU.ActiveCfg = Debug|Any CPU
		{7D16BA92-BC0B-461C-9CB4-F1DA25EDF17E}.Debug|Any CPU.Build.0 = Debug|Any CPU
		{7D16BA92-BC0B-461C-9CB4-F1DA25EDF17E}.Release|Any CPU.ActiveCfg = Release|Any CPU
		{7D16BA92-BC0B-461C-9CB4-F1DA25EDF17E}.Release|Any CPU.Build.0 = Release|Any CPU
		{09BE6ACD-88E7-458F-82F8-293ADE1B3627}.Debug|Any CPU.ActiveCfg = Debug|Any CPU
		{09BE6ACD-88E7-458F-82F8-293ADE1B3627}.Debug|Any CPU.Build.0 = Debug|Any CPU
		{09BE6ACD-88E7-458F-82F8-293ADE1B3627}.Release|Any CPU.ActiveCfg = Release|Any CPU
		{09BE6ACD-88E7-458F-82F8-293ADE1B3627}.Release|Any CPU.Build.0 = Release|Any CPU
		{35DBB4F2-60E1-4051-A307-1AB82AECE0BD}.Debug|Any CPU.ActiveCfg = Debug|Any CPU
		{35DBB4F2-60E1-4051-A307-1AB82AECE0BD}.Debug|Any CPU.Build.0 = Debug|Any CPU
		{35DBB4F2-60E1-4051-A307-1AB82AECE0BD}.Release|Any CPU.ActiveCfg = Release|Any CPU
		{35DBB4F2-60E1-4051-A307-1AB82AECE0BD}.Release|Any CPU.Build.0 = Release|Any CPU
		{AD141AC6-60B3-4E42-877B-AEDF96C56CB8}.Debug|Any CPU.ActiveCfg = Debug|Any CPU
		{AD141AC6-60B3-4E42-877B-AEDF96C56CB8}.Debug|Any CPU.Build.0 = Debug|Any CPU
		{AD141AC6-60B3-4E42-877B-AEDF96C56CB8}.Release|Any CPU.ActiveCfg = Release|Any CPU
		{AD141AC6-60B3-4E42-877B-AEDF96C56CB8}.Release|Any CPU.Build.0 = Release|Any CPU
		{000BB353-96A4-4E61-BC31-D9BCCA41716F}.Debug|Any CPU.ActiveCfg = Debug|Any CPU
		{000BB353-96A4-4E61-BC31-D9BCCA41716F}.Debug|Any CPU.Build.0 = Debug|Any CPU
		{000BB353-96A4-4E61-BC31-D9BCCA41716F}.Release|Any CPU.ActiveCfg = Release|Any CPU
		{000BB353-96A4-4E61-BC31-D9BCCA41716F}.Release|Any CPU.Build.0 = Release|Any CPU
		{9CFFAED7-4A0C-46B5-881A-483E82A1D4DD}.Debug|Any CPU.ActiveCfg = Debug|Any CPU
		{9CFFAED7-4A0C-46B5-881A-483E82A1D4DD}.Debug|Any CPU.Build.0 = Debug|Any CPU
		{9CFFAED7-4A0C-46B5-881A-483E82A1D4DD}.Release|Any CPU.ActiveCfg = Release|Any CPU
		{9CFFAED7-4A0C-46B5-881A-483E82A1D4DD}.Release|Any CPU.Build.0 = Release|Any CPU
		{7F95A052-6169-4CF3-864D-152B63E1ACD9}.Debug|Any CPU.ActiveCfg = Debug|Any CPU
		{7F95A052-6169-4CF3-864D-152B63E1ACD9}.Debug|Any CPU.Build.0 = Debug|Any CPU
		{7F95A052-6169-4CF3-864D-152B63E1ACD9}.Release|Any CPU.ActiveCfg = Release|Any CPU
		{7F95A052-6169-4CF3-864D-152B63E1ACD9}.Release|Any CPU.Build.0 = Release|Any CPU
		{6BDA3812-190D-4B6C-85A2-AF80E8A17EF6}.Debug|Any CPU.ActiveCfg = Debug|Any CPU
		{6BDA3812-190D-4B6C-85A2-AF80E8A17EF6}.Debug|Any CPU.Build.0 = Debug|Any CPU
		{6BDA3812-190D-4B6C-85A2-AF80E8A17EF6}.Release|Any CPU.ActiveCfg = Release|Any CPU
		{6BDA3812-190D-4B6C-85A2-AF80E8A17EF6}.Release|Any CPU.Build.0 = Release|Any CPU
	EndGlobalSection
	GlobalSection(NestedProjects) = preSolution
		{7D16BA92-BC0B-461C-9CB4-F1DA25EDF17E} = {FE60363A-A43E-4273-AC38-39A7E89F2F26}
		{09BE6ACD-88E7-458F-82F8-293ADE1B3627} = {6C36E83C-702F-4FF0-80D1-F6E9797D2E74}
		{35DBB4F2-60E1-4051-A307-1AB82AECE0BD} = {E6B9908A-B508-46F3-A03B-F9CBD2921194}
		{AD141AC6-60B3-4E42-877B-AEDF96C56CB8} = {AC3D9594-F205-4A61-9440-4E5CE14EE2CD}
		{000BB353-96A4-4E61-BC31-D9BCCA41716F} = {237A7B3D-4D58-43A6-9219-2C6AB0DB339D}
		{9CFFAED7-4A0C-46B5-881A-483E82A1D4DD} = {8E92EBBE-EE06-44D7-BE4C-E41928D49346}
		{7F95A052-6169-4CF3-864D-152B63E1ACD9} = {8E92EBBE-EE06-44D7-BE4C-E41928D49346}
		{6BDA3812-190D-4B6C-85A2-AF80E8A17EF6} = {8E92EBBE-EE06-44D7-BE4C-E41928D49346}
	EndGlobalSection
EndGlobal
