
Microsoft Visual Studio Solution File, Format Version 12.00
Project("{2150E333-8FDC-42A3-9474-1A3956D46DE8}") = "Singleton", "Singleton", "{FE60363A-A43E-4273-AC38-39A7E89F2F26}"
EndProject
Project("{FAE04EC0-301F-11D3-BF4B-00C04F79EFBC}") = "Conceptual", "Singleton\Conceptual\Conceptual.csproj", "{7D16BA92-BC0B-461C-9CB4-F1DA25EDF17E}"
EndProject
Project("{2150E333-8FDC-42A3-9474-1A3956D46DE8}") = "FactoryMethod", "FactoryMethod", "{6C36E83C-702F-4FF0-80D1-F6E9797D2E74}"
EndProject
Project("{FAE04EC0-301F-11D3-BF4B-00C04F79EFBC}") = "Conceptual", "FactoryMethod\Conceptual\Conceptual.csproj", "{09BE6ACD-88E7-458F-82F8-293ADE1B3627}"
EndProject
Project("{2150E333-8FDC-42A3-9474-1A3956D46DE8}") = "AbstractFactory", "AbstractFactory", "{E6B9908A-B508-46F3-A03B-F9CBD2921194}"
EndProject
Project("{FAE04EC0-301F-11D3-BF4B-00C04F79EFBC}") = "Conceptual", "AbstractFactory\Conceptual\Conceptual.csproj", "{35DBB4F2-60E1-4051-A307-1AB82AECE0BD}"
EndProject
Project("{2150E333-8FDC-42A3-9474-1A3956D46DE8}") = "Builder", "Builder", "{AC3D9594-F205-4A61-9440-4E5CE14EE2CD}"
EndProject
Project("{FAE04EC0-301F-11D3-BF4B-00C04F79EFBC}") = "Conceptual", "Builder\Conceptual\Conceptual.csproj", "{AD141AC6-60B3-4E42-877B-AEDF96C56CB8}"
EndProject
Project("{2150E333-8FDC-42A3-9474-1A3956D46DE8}") = "Prototype", "Prototype", "{237A7B3D-4D58-43A6-9219-2C6AB0DB339D}"
EndProject
Project("{FAE04EC0-301F-11D3-BF4B-00C04F79EFBC}") = "Conceptual", "Prototype\Conceptual\Conceptual.csproj", "{000BB353-96A4-4E61-BC31-D9BCCA41716F}"
EndProject
Project("{2150E333-8FDC-42A3-9474-1A3956D46DE8}") = "Adapter", "Adapter", "{8E92EBBE-EE06-44D7-BE4C-E41928D49346}"
EndProject
Project("{FAE04EC0-301F-11D3-BF4B-00C04F79EFBC}") = "Conceptual", "Adapter\Conceptual\Conceptual.csproj", "{9CFFAED7-4A0C-46B5-881A-483E82A1D4DD}"
EndProject
Project("{FAE04EC0-301F-11D3-BF4B-00C04F79EFBC}") = "DataReader", "Adapter\DataReader\DataReader.csproj", "{7F95A052-6169-4CF3-864D-152B63E1ACD9}"
EndProject
Project("{FAE04EC0-301F-11D3-BF4B-00C04F79EFBC}") = "DrawShape", "Adapter\DrawShape\DrawShape.csproj", "{6BDA3812-190D-4B6C-85A2-AF80E8A17EF6}"
EndProject
Project("{2150E333-8FDC-42A3-9474-1A3956D46DE8}") = "Bridge", "Bridge", "{4F4944E0-3BAB-45AC-AD96-019BDDDDC5DF}"
EndProject
Project("{FAE04EC0-301F-11D3-BF4B-00C04F79EFBC}") = "Conceptual", "Bridge\Conceptual\Conceptual.csproj", "{743620C9-CE3D-4FDF-8A4A-10EEC57211C2}"
EndProject
Project("{FAE04EC0-301F-11D3-BF4B-00C04F79EFBC}") = "ManipulateDevice", "Bridge\ManipulateDevice\ManipulateDevice.csproj", "{C207EEEB-F825-4BE2-B1C8-5BF93ABFF9C2}"
EndProject
Project("{2150E333-8FDC-42A3-9474-1A3956D46DE8}") = "Composite", "Composite", "{8BF192D5-EE62-4982-A786-8B1A2C460C77}"
EndProject
Project("{FAE04EC0-301F-11D3-BF4B-00C04F79EFBC}") = "Conceptual", "Composite\Conceptual\Conceptual.csproj", "{1FEEF3AC-A9CA-4DE2-AAC6-3223B0E324BF}"
EndProject
Project("{2150E333-8FDC-42A3-9474-1A3956D46DE8}") = "Decorator", "Decorator", "{8F339F6B-84FE-41C9-9900-7BBF609ABE6F}"
EndProject
Project("{FAE04EC0-301F-11D3-BF4B-00C04F79EFBC}") = "Conceptual", "Decorator\Conceptual\Conceptual.csproj", "{160162DB-2DFF-4EC5-8128-F5ABB55DD91D}"
EndProject
Project("{2150E333-8FDC-42A3-9474-1A3956D46DE8}") = "Facade", "Facade", "{75F5E0E0-159F-4C14-A719-496C535BC8EC}"
EndProject
Project("{FAE04EC0-301F-11D3-BF4B-00C04F79EFBC}") = "Conceptual", "Facade\Conceptual\Conceptual.csproj", "{AAA0709E-B7D0-45DE-AC62-3BE75A4BD5E6}"
EndProject
Project("{FAE04EC0-301F-11D3-BF4B-00C04F79EFBC}") = "ShopFacade", "Facade\ShopFacade\ShopFacade.csproj", "{98E62C1B-36C0-4B0F-8C6D-41656D4E0F67}"
EndProject
Project("{2150E333-8FDC-42A3-9474-1A3956D46DE8}") = "Flyweight", "Flyweight", "{20C61838-1D58-441C-951E-710A9A577020}"
EndProject
Project("{FAE04EC0-301F-11D3-BF4B-00C04F79EFBC}") = "Conceptual", "Flyweight\Conceptual\Conceptual.csproj", "{4491ED39-99E0-44CD-B119-5CA59B309E69}"
EndProject
Project("{2150E333-8FDC-42A3-9474-1A3956D46DE8}") = "Proxy", "Proxy", "{14FCDAF3-D104-4754-85AA-F0FD31F2B157}"
EndProject
Project("{FAE04EC0-301F-11D3-BF4B-00C04F79EFBC}") = "Conceptual", "Proxy\Conceptual\Conceptual.csproj", "{4D0010A1-B2D8-431C-8A08-50D274A2A3E4}"
EndProject
Project("{2150E333-8FDC-42A3-9474-1A3956D46DE8}") = "Command", "Command", "{EDAC0312-D841-4989-B3DD-3951915ECADF}"
EndProject
Project("{FAE04EC0-301F-11D3-BF4B-00C04F79EFBC}") = "Conceptual", "Command\Conceptual\Conceptual.csproj", "{2B8632A6-EFF6-4BB5-AD11-C436AD0CF59C}"
EndProject
Project("{FAE04EC0-301F-11D3-BF4B-00C04F79EFBC}") = "RemoteControlDevice", "Command\RemoteControlDevice\RemoteControlDevice.csproj", "{BA50F90E-C466-4F0B-891E-8184709DCD82}"
EndProject
Project("{2150E333-8FDC-42A3-9474-1A3956D46DE8}") = "Iterator", "Iterator", "{AEFAFD96-160C-4025-A09C-CAB032C50C83}"
EndProject
Project("{FAE04EC0-301F-11D3-BF4B-00C04F79EFBC}") = "Conceptual", "Iterator\Conceptual\Conceptual.csproj", "{E2B9F02F-526C-48DC-A6D4-22D1C8CC6309}"
EndProject
Project("{2150E333-8FDC-42A3-9474-1A3956D46DE8}") = "ChainOfResponsibility", "ChainOfResponsibility", "{DB7C92ED-C3EF-45AF-941F-1821ED5578C7}"
EndProject
Project("{FAE04EC0-301F-11D3-BF4B-00C04F79EFBC}") = "Conceptual", "ChainOfResponsibility\Conceptual\Conceptual.csproj", "{7089BF2C-6039-45C2-8562-0BB59C22C773}"
EndProject
Project("{2150E333-8FDC-42A3-9474-1A3956D46DE8}") = "Mediator", "Mediator", "{7D5B6F49-3132-4F21-B106-134729E81D74}"
EndProject
Project("{FAE04EC0-301F-11D3-BF4B-00C04F79EFBC}") = "Conceptual", "Mediator\Conceptual\Conceptual.csproj", "{E208616C-095F-4BF4-9824-D801B211F683}"
EndProject
Project("{2150E333-8FDC-42A3-9474-1A3956D46DE8}") = "Memento", "Memento", "{5F9DB5A3-30ED-4F1C-8AE9-726CD10B2577}"
EndProject
Project("{FAE04EC0-301F-11D3-BF4B-00C04F79EFBC}") = "Conceptual", "Memento\Conceptual\Conceptual.csproj", "{09F514FC-249E-499C-B02D-7FE370EADA10}"
EndProject
Project("{2150E333-8FDC-42A3-9474-1A3956D46DE8}") = "Observer", "Observer", "{70846C9B-3504-4207-B72E-43F560708A77}"
EndProject
Project("{FAE04EC0-301F-11D3-BF4B-00C04F79EFBC}") = "Conceptual", "Observer\Conceptual\Conceptual.csproj", "{FF5A7EF0-2340-4099-8187-26B1763C4804}"
EndProject
Project("{2150E333-8FDC-42A3-9474-1A3956D46DE8}") = "State", "State", "{F135D381-54C1-4647-85B3-C087D454194E}"
EndProject
Project("{FAE04EC0-301F-11D3-BF4B-00C04F79EFBC}") = "Conceptual", "State\Conceptual\Conceptual.csproj", "{48E21F60-4521-4BB3-8637-1DE797F06DC7}"
EndProject
Project("{2150E333-8FDC-42A3-9474-1A3956D46DE8}") = "Strategy", "Strategy", "{EF0EF6ED-665C-457D-B49A-7FD33F57176D}"
EndProject
Project("{FAE04EC0-301F-11D3-BF4B-00C04F79EFBC}") = "Conceptual", "Strategy\Conceptual\Conceptual.csproj", "{4EA54CE1-799A-45A8-A3B2-47989C32F012}"
EndProject
Project("{2150E333-8FDC-42A3-9474-1A3956D46DE8}") = "TemplateMethod", "TemplateMethod", "{2A2C0732-D124-4E41-BF03-4315A866ED38}"
EndProject
Project("{FAE04EC0-301F-11D3-BF4B-00C04F79EFBC}") = "Conceptual", "TemplateMethod\Conceptual\Conceptual.csproj", "{171D9458-B603-4FC6-A60F-35009915389D}"
EndProject
Project("{2150E333-8FDC-42A3-9474-1A3956D46DE8}") = "Visitor", "Visitor", "{CB189784-B17F-4699-A803-81402F1E78D2}"
EndProject
Project("{FAE04EC0-301F-11D3-BF4B-00C04F79EFBC}") = "Conceptual", "Visitor\Conceptual\Conceptual.csproj", "{9741CFAD-09D8-4F80-8891-E5A3F6C45B5F}"
EndProject
Project("{FAE04EC0-301F-11D3-BF4B-00C04F79EFBC}") = "XmlSample", "Visitor\XmlSample\XmlSample.csproj", "{BC720B88-7F29-4096-911B-6C466298B8B0}"
EndProject
Project("{FAE04EC0-301F-11D3-BF4B-00C04F79EFBC}") = "PenBox", "Composite\PenBox\PenBox.csproj", "{5E66E897-3C39-4EFD-85E2-2B98BF90DAA9}"
EndProject
Project("{FAE04EC0-301F-11D3-BF4B-00C04F79EFBC}") = "ForestSimulation", "Flyweight\ForestSimulation\ForestSimulation.csproj", "{E197E03F-6738-47A1-B976-884AA7B31AFE}"
EndProject
Global
	GlobalSection(SolutionConfigurationPlatforms) = preSolution
		Debug|Any CPU = Debug|Any CPU
		Release|Any CPU = Release|Any CPU
	EndGlobalSection
	GlobalSection(ProjectConfigurationPlatforms) = postSolution
		{7D16BA92-BC0B-461C-9CB4-F1DA25EDF17E}.Debug|Any CPU.ActiveCfg = Debug|Any CPU
		{7D16BA92-BC0B-461C-9CB4-F1DA25EDF17E}.Debug|Any CPU.Build.0 = Debug|Any CPU
		{7D16BA92-BC0B-461C-9CB4-F1DA25EDF17E}.Release|Any CPU.ActiveCfg = Release|Any CPU
		{7D16BA92-BC0B-461C-9CB4-F1DA25EDF17E}.Release|Any CPU.Build.0 = Release|Any CPU
		{09BE6ACD-88E7-458F-82F8-293ADE1B3627}.Debug|Any CPU.ActiveCfg = Debug|Any CPU
		{09BE6ACD-88E7-458F-82F8-293ADE1B3627}.Debug|Any CPU.Build.0 = Debug|Any CPU
		{09BE6ACD-88E7-458F-82F8-293ADE1B3627}.Release|Any CPU.ActiveCfg = Release|Any CPU
		{09BE6ACD-88E7-458F-82F8-293ADE1B3627}.Release|Any CPU.Build.0 = Release|Any CPU
		{35DBB4F2-60E1-4051-A307-1AB82AECE0BD}.Debug|Any CPU.ActiveCfg = Debug|Any CPU
		{35DBB4F2-60E1-4051-A307-1AB82AECE0BD}.Debug|Any CPU.Build.0 = Debug|Any CPU
		{35DBB4F2-60E1-4051-A307-1AB82AECE0BD}.Release|Any CPU.ActiveCfg = Release|Any CPU
		{35DBB4F2-60E1-4051-A307-1AB82AECE0BD}.Release|Any CPU.Build.0 = Release|Any CPU
		{AD141AC6-60B3-4E42-877B-AEDF96C56CB8}.Debug|Any CPU.ActiveCfg = Debug|Any CPU
		{AD141AC6-60B3-4E42-877B-AEDF96C56CB8}.Debug|Any CPU.Build.0 = Debug|Any CPU
		{AD141AC6-60B3-4E42-877B-AEDF96C56CB8}.Release|Any CPU.ActiveCfg = Release|Any CPU
		{AD141AC6-60B3-4E42-877B-AEDF96C56CB8}.Release|Any CPU.Build.0 = Release|Any CPU
		{000BB353-96A4-4E61-BC31-D9BCCA41716F}.Debug|Any CPU.ActiveCfg = Debug|Any CPU
		{000BB353-96A4-4E61-BC31-D9BCCA41716F}.Debug|Any CPU.Build.0 = Debug|Any CPU
		{000BB353-96A4-4E61-BC31-D9BCCA41716F}.Release|Any CPU.ActiveCfg = Release|Any CPU
		{000BB353-96A4-4E61-BC31-D9BCCA41716F}.Release|Any CPU.Build.0 = Release|Any CPU
		{9CFFAED7-4A0C-46B5-881A-483E82A1D4DD}.Debug|Any CPU.ActiveCfg = Debug|Any CPU
		{9CFFAED7-4A0C-46B5-881A-483E82A1D4DD}.Debug|Any CPU.Build.0 = Debug|Any CPU
		{9CFFAED7-4A0C-46B5-881A-483E82A1D4DD}.Release|Any CPU.ActiveCfg = Release|Any CPU
		{9CFFAED7-4A0C-46B5-881A-483E82A1D4DD}.Release|Any CPU.Build.0 = Release|Any CPU
		{7F95A052-6169-4CF3-864D-152B63E1ACD9}.Debug|Any CPU.ActiveCfg = Debug|Any CPU
		{7F95A052-6169-4CF3-864D-152B63E1ACD9}.Debug|Any CPU.Build.0 = Debug|Any CPU
		{7F95A052-6169-4CF3-864D-152B63E1ACD9}.Release|Any CPU.ActiveCfg = Release|Any CPU
		{7F95A052-6169-4CF3-864D-152B63E1ACD9}.Release|Any CPU.Build.0 = Release|Any CPU
		{6BDA3812-190D-4B6C-85A2-AF80E8A17EF6}.Debug|Any CPU.ActiveCfg = Debug|Any CPU
		{6BDA3812-190D-4B6C-85A2-AF80E8A17EF6}.Debug|Any CPU.Build.0 = Debug|Any CPU
		{6BDA3812-190D-4B6C-85A2-AF80E8A17EF6}.Release|Any CPU.ActiveCfg = Release|Any CPU
		{6BDA3812-190D-4B6C-85A2-AF80E8A17EF6}.Release|Any CPU.Build.0 = Release|Any CPU
		{743620C9-CE3D-4FDF-8A4A-10EEC57211C2}.Debug|Any CPU.ActiveCfg = Debug|Any CPU
		{743620C9-CE3D-4FDF-8A4A-10EEC57211C2}.Debug|Any CPU.Build.0 = Debug|Any CPU
		{743620C9-CE3D-4FDF-8A4A-10EEC57211C2}.Release|Any CPU.ActiveCfg = Release|Any CPU
		{743620C9-CE3D-4FDF-8A4A-10EEC57211C2}.Release|Any CPU.Build.0 = Release|Any CPU
		{C207EEEB-F825-4BE2-B1C8-5BF93ABFF9C2}.Debug|Any CPU.ActiveCfg = Debug|Any CPU
		{C207EEEB-F825-4BE2-B1C8-5BF93ABFF9C2}.Debug|Any CPU.Build.0 = Debug|Any CPU
		{C207EEEB-F825-4BE2-B1C8-5BF93ABFF9C2}.Release|Any CPU.ActiveCfg = Release|Any CPU
		{C207EEEB-F825-4BE2-B1C8-5BF93ABFF9C2}.Release|Any CPU.Build.0 = Release|Any CPU
		{1FEEF3AC-A9CA-4DE2-AAC6-3223B0E324BF}.Debug|Any CPU.ActiveCfg = Debug|Any CPU
		{1FEEF3AC-A9CA-4DE2-AAC6-3223B0E324BF}.Debug|Any CPU.Build.0 = Debug|Any CPU
		{1FEEF3AC-A9CA-4DE2-AAC6-3223B0E324BF}.Release|Any CPU.ActiveCfg = Release|Any CPU
		{1FEEF3AC-A9CA-4DE2-AAC6-3223B0E324BF}.Release|Any CPU.Build.0 = Release|Any CPU
		{160162DB-2DFF-4EC5-8128-F5ABB55DD91D}.Debug|Any CPU.ActiveCfg = Debug|Any CPU
		{160162DB-2DFF-4EC5-8128-F5ABB55DD91D}.Debug|Any CPU.Build.0 = Debug|Any CPU
		{160162DB-2DFF-4EC5-8128-F5ABB55DD91D}.Release|Any CPU.ActiveCfg = Release|Any CPU
		{160162DB-2DFF-4EC5-8128-F5ABB55DD91D}.Release|Any CPU.Build.0 = Release|Any CPU
		{AAA0709E-B7D0-45DE-AC62-3BE75A4BD5E6}.Debug|Any CPU.ActiveCfg = Debug|Any CPU
		{AAA0709E-B7D0-45DE-AC62-3BE75A4BD5E6}.Debug|Any CPU.Build.0 = Debug|Any CPU
		{AAA0709E-B7D0-45DE-AC62-3BE75A4BD5E6}.Release|Any CPU.ActiveCfg = Release|Any CPU
		{AAA0709E-B7D0-45DE-AC62-3BE75A4BD5E6}.Release|Any CPU.Build.0 = Release|Any CPU
		{98E62C1B-36C0-4B0F-8C6D-41656D4E0F67}.Debug|Any CPU.ActiveCfg = Debug|Any CPU
		{98E62C1B-36C0-4B0F-8C6D-41656D4E0F67}.Debug|Any CPU.Build.0 = Debug|Any CPU
		{98E62C1B-36C0-4B0F-8C6D-41656D4E0F67}.Release|Any CPU.ActiveCfg = Release|Any CPU
		{98E62C1B-36C0-4B0F-8C6D-41656D4E0F67}.Release|Any CPU.Build.0 = Release|Any CPU
		{4491ED39-99E0-44CD-B119-5CA59B309E69}.Debug|Any CPU.ActiveCfg = Debug|Any CPU
		{4491ED39-99E0-44CD-B119-5CA59B309E69}.Debug|Any CPU.Build.0 = Debug|Any CPU
		{4491ED39-99E0-44CD-B119-5CA59B309E69}.Release|Any CPU.ActiveCfg = Release|Any CPU
		{4491ED39-99E0-44CD-B119-5CA59B309E69}.Release|Any CPU.Build.0 = Release|Any CPU
		{4D0010A1-B2D8-431C-8A08-50D274A2A3E4}.Debug|Any CPU.ActiveCfg = Debug|Any CPU
		{4D0010A1-B2D8-431C-8A08-50D274A2A3E4}.Debug|Any CPU.Build.0 = Debug|Any CPU
		{4D0010A1-B2D8-431C-8A08-50D274A2A3E4}.Release|Any CPU.ActiveCfg = Release|Any CPU
		{4D0010A1-B2D8-431C-8A08-50D274A2A3E4}.Release|Any CPU.Build.0 = Release|Any CPU
		{2B8632A6-EFF6-4BB5-AD11-C436AD0CF59C}.Debug|Any CPU.ActiveCfg = Debug|Any CPU
		{2B8632A6-EFF6-4BB5-AD11-C436AD0CF59C}.Debug|Any CPU.Build.0 = Debug|Any CPU
		{2B8632A6-EFF6-4BB5-AD11-C436AD0CF59C}.Release|Any CPU.ActiveCfg = Release|Any CPU
		{2B8632A6-EFF6-4BB5-AD11-C436AD0CF59C}.Release|Any CPU.Build.0 = Release|Any CPU
		{BA50F90E-C466-4F0B-891E-8184709DCD82}.Debug|Any CPU.ActiveCfg = Debug|Any CPU
		{BA50F90E-C466-4F0B-891E-8184709DCD82}.Debug|Any CPU.Build.0 = Debug|Any CPU
		{BA50F90E-C466-4F0B-891E-8184709DCD82}.Release|Any CPU.ActiveCfg = Release|Any CPU
		{BA50F90E-C466-4F0B-891E-8184709DCD82}.Release|Any CPU.Build.0 = Release|Any CPU
		{E2B9F02F-526C-48DC-A6D4-22D1C8CC6309}.Debug|Any CPU.ActiveCfg = Debug|Any CPU
		{E2B9F02F-526C-48DC-A6D4-22D1C8CC6309}.Debug|Any CPU.Build.0 = Debug|Any CPU
		{E2B9F02F-526C-48DC-A6D4-22D1C8CC6309}.Release|Any CPU.ActiveCfg = Release|Any CPU
		{E2B9F02F-526C-48DC-A6D4-22D1C8CC6309}.Release|Any CPU.Build.0 = Release|Any CPU
		{7089BF2C-6039-45C2-8562-0BB59C22C773}.Debug|Any CPU.ActiveCfg = Debug|Any CPU
		{7089BF2C-6039-45C2-8562-0BB59C22C773}.Debug|Any CPU.Build.0 = Debug|Any CPU
		{7089BF2C-6039-45C2-8562-0BB59C22C773}.Release|Any CPU.ActiveCfg = Release|Any CPU
		{7089BF2C-6039-45C2-8562-0BB59C22C773}.Release|Any CPU.Build.0 = Release|Any CPU
		{E208616C-095F-4BF4-9824-D801B211F683}.Debug|Any CPU.ActiveCfg = Debug|Any CPU
		{E208616C-095F-4BF4-9824-D801B211F683}.Debug|Any CPU.Build.0 = Debug|Any CPU
		{E208616C-095F-4BF4-9824-D801B211F683}.Release|Any CPU.ActiveCfg = Release|Any CPU
		{E208616C-095F-4BF4-9824-D801B211F683}.Release|Any CPU.Build.0 = Release|Any CPU
		{09F514FC-249E-499C-B02D-7FE370EADA10}.Debug|Any CPU.ActiveCfg = Debug|Any CPU
		{09F514FC-249E-499C-B02D-7FE370EADA10}.Debug|Any CPU.Build.0 = Debug|Any CPU
		{09F514FC-249E-499C-B02D-7FE370EADA10}.Release|Any CPU.ActiveCfg = Release|Any CPU
		{09F514FC-249E-499C-B02D-7FE370EADA10}.Release|Any CPU.Build.0 = Release|Any CPU
		{FF5A7EF0-2340-4099-8187-26B1763C4804}.Debug|Any CPU.ActiveCfg = Debug|Any CPU
		{FF5A7EF0-2340-4099-8187-26B1763C4804}.Debug|Any CPU.Build.0 = Debug|Any CPU
		{FF5A7EF0-2340-4099-8187-26B1763C4804}.Release|Any CPU.ActiveCfg = Release|Any CPU
		{FF5A7EF0-2340-4099-8187-26B1763C4804}.Release|Any CPU.Build.0 = Release|Any CPU
		{48E21F60-4521-4BB3-8637-1DE797F06DC7}.Debug|Any CPU.ActiveCfg = Debug|Any CPU
		{48E21F60-4521-4BB3-8637-1DE797F06DC7}.Debug|Any CPU.Build.0 = Debug|Any CPU
		{48E21F60-4521-4BB3-8637-1DE797F06DC7}.Release|Any CPU.ActiveCfg = Release|Any CPU
		{48E21F60-4521-4BB3-8637-1DE797F06DC7}.Release|Any CPU.Build.0 = Release|Any CPU
		{4EA54CE1-799A-45A8-A3B2-47989C32F012}.Debug|Any CPU.ActiveCfg = Debug|Any CPU
		{4EA54CE1-799A-45A8-A3B2-47989C32F012}.Debug|Any CPU.Build.0 = Debug|Any CPU
		{4EA54CE1-799A-45A8-A3B2-47989C32F012}.Release|Any CPU.ActiveCfg = Release|Any CPU
		{4EA54CE1-799A-45A8-A3B2-47989C32F012}.Release|Any CPU.Build.0 = Release|Any CPU
		{171D9458-B603-4FC6-A60F-35009915389D}.Debug|Any CPU.ActiveCfg = Debug|Any CPU
		{171D9458-B603-4FC6-A60F-35009915389D}.Debug|Any CPU.Build.0 = Debug|Any CPU
		{171D9458-B603-4FC6-A60F-35009915389D}.Release|Any CPU.ActiveCfg = Release|Any CPU
		{171D9458-B603-4FC6-A60F-35009915389D}.Release|Any CPU.Build.0 = Release|Any CPU
		{9741CFAD-09D8-4F80-8891-E5A3F6C45B5F}.Debug|Any CPU.ActiveCfg = Debug|Any CPU
		{9741CFAD-09D8-4F80-8891-E5A3F6C45B5F}.Debug|Any CPU.Build.0 = Debug|Any CPU
		{9741CFAD-09D8-4F80-8891-E5A3F6C45B5F}.Release|Any CPU.ActiveCfg = Release|Any CPU
		{9741CFAD-09D8-4F80-8891-E5A3F6C45B5F}.Release|Any CPU.Build.0 = Release|Any CPU
		{BC720B88-7F29-4096-911B-6C466298B8B0}.Debug|Any CPU.ActiveCfg = Debug|Any CPU
		{BC720B88-7F29-4096-911B-6C466298B8B0}.Debug|Any CPU.Build.0 = Debug|Any CPU
		{BC720B88-7F29-4096-911B-6C466298B8B0}.Release|Any CPU.ActiveCfg = Release|Any CPU
		{BC720B88-7F29-4096-911B-6C466298B8B0}.Release|Any CPU.Build.0 = Release|Any CPU
		{5E66E897-3C39-4EFD-85E2-2B98BF90DAA9}.Debug|Any CPU.ActiveCfg = Debug|Any CPU
		{5E66E897-3C39-4EFD-85E2-2B98BF90DAA9}.Debug|Any CPU.Build.0 = Debug|Any CPU
		{5E66E897-3C39-4EFD-85E2-2B98BF90DAA9}.Release|Any CPU.ActiveCfg = Release|Any CPU
		{5E66E897-3C39-4EFD-85E2-2B98BF90DAA9}.Release|Any CPU.Build.0 = Release|Any CPU
		{E197E03F-6738-47A1-B976-884AA7B31AFE}.Debug|Any CPU.ActiveCfg = Debug|Any CPU
		{E197E03F-6738-47A1-B976-884AA7B31AFE}.Debug|Any CPU.Build.0 = Debug|Any CPU
		{E197E03F-6738-47A1-B976-884AA7B31AFE}.Release|Any CPU.ActiveCfg = Release|Any CPU
		{E197E03F-6738-47A1-B976-884AA7B31AFE}.Release|Any CPU.Build.0 = Release|Any CPU
	EndGlobalSection
	GlobalSection(NestedProjects) = preSolution
		{7D16BA92-BC0B-461C-9CB4-F1DA25EDF17E} = {FE60363A-A43E-4273-AC38-39A7E89F2F26}
		{09BE6ACD-88E7-458F-82F8-293ADE1B3627} = {6C36E83C-702F-4FF0-80D1-F6E9797D2E74}
		{35DBB4F2-60E1-4051-A307-1AB82AECE0BD} = {E6B9908A-B508-46F3-A03B-F9CBD2921194}
		{AD141AC6-60B3-4E42-877B-AEDF96C56CB8} = {AC3D9594-F205-4A61-9440-4E5CE14EE2CD}
		{000BB353-96A4-4E61-BC31-D9BCCA41716F} = {237A7B3D-4D58-43A6-9219-2C6AB0DB339D}
		{9CFFAED7-4A0C-46B5-881A-483E82A1D4DD} = {8E92EBBE-EE06-44D7-BE4C-E41928D49346}
		{7F95A052-6169-4CF3-864D-152B63E1ACD9} = {8E92EBBE-EE06-44D7-BE4C-E41928D49346}
		{6BDA3812-190D-4B6C-85A2-AF80E8A17EF6} = {8E92EBBE-EE06-44D7-BE4C-E41928D49346}
		{743620C9-CE3D-4FDF-8A4A-10EEC57211C2} = {4F4944E0-3BAB-45AC-AD96-019BDDDDC5DF}
		{C207EEEB-F825-4BE2-B1C8-5BF93ABFF9C2} = {4F4944E0-3BAB-45AC-AD96-019BDDDDC5DF}
		{1FEEF3AC-A9CA-4DE2-AAC6-3223B0E324BF} = {8BF192D5-EE62-4982-A786-8B1A2C460C77}
		{160162DB-2DFF-4EC5-8128-F5ABB55DD91D} = {8F339F6B-84FE-41C9-9900-7BBF609ABE6F}
		{AAA0709E-B7D0-45DE-AC62-3BE75A4BD5E6} = {75F5E0E0-159F-4C14-A719-496C535BC8EC}
		{98E62C1B-36C0-4B0F-8C6D-41656D4E0F67} = {75F5E0E0-159F-4C14-A719-496C535BC8EC}
		{4491ED39-99E0-44CD-B119-5CA59B309E69} = {20C61838-1D58-441C-951E-710A9A577020}
		{4D0010A1-B2D8-431C-8A08-50D274A2A3E4} = {14FCDAF3-D104-4754-85AA-F0FD31F2B157}
		{2B8632A6-EFF6-4BB5-AD11-C436AD0CF59C} = {EDAC0312-D841-4989-B3DD-3951915ECADF}
		{BA50F90E-C466-4F0B-891E-8184709DCD82} = {EDAC0312-D841-4989-B3DD-3951915ECADF}
		{E2B9F02F-526C-48DC-A6D4-22D1C8CC6309} = {AEFAFD96-160C-4025-A09C-CAB032C50C83}
		{7089BF2C-6039-45C2-8562-0BB59C22C773} = {DB7C92ED-C3EF-45AF-941F-1821ED5578C7}
		{E208616C-095F-4BF4-9824-D801B211F683} = {7D5B6F49-3132-4F21-B106-134729E81D74}
		{09F514FC-249E-499C-B02D-7FE370EADA10} = {5F9DB5A3-30ED-4F1C-8AE9-726CD10B2577}
		{FF5A7EF0-2340-4099-8187-26B1763C4804} = {70846C9B-3504-4207-B72E-43F560708A77}
		{48E21F60-4521-4BB3-8637-1DE797F06DC7} = {F135D381-54C1-4647-85B3-C087D454194E}
		{4EA54CE1-799A-45A8-A3B2-47989C32F012} = {EF0EF6ED-665C-457D-B49A-7FD33F57176D}
		{171D9458-B603-4FC6-A60F-35009915389D} = {2A2C0732-D124-4E41-BF03-4315A866ED38}
		{9741CFAD-09D8-4F80-8891-E5A3F6C45B5F} = {CB189784-B17F-4699-A803-81402F1E78D2}
		{BC720B88-7F29-4096-911B-6C466298B8B0} = {CB189784-B17F-4699-A803-81402F1E78D2}
		{5E66E897-3C39-4EFD-85E2-2B98BF90DAA9} = {8BF192D5-EE62-4982-A786-8B1A2C460C77}
		{E197E03F-6738-47A1-B976-884AA7B31AFE} = {20C61838-1D58-441C-951E-710A9A577020}
	EndGlobalSection
EndGlobal
